Microsoft Visual Studio Solution File, Format Version 12.00
# Visual Studio Version 17
VisualStudioVersion = 17.5.2.0
MinimumVisualStudioVersion = 10.0.40219.1
Project("{FAE04EC0-301F-11D3-BF4B-00C04F79EFBC}") = "JellyRay", "JellyRay.csproj", "{14AED9D0-E240-9301-782D-5CFE842BDBD8}"
EndProject
Global
	GlobalSection(SolutionConfigurationPlatforms) = preSolution
		Debug|Any CPU = Debug|Any CPU
		Release|Any CPU = Release|Any CPU
	EndGlobalSection
	GlobalSection(ProjectConfigurationPlatforms) = postSolution
		{14AED9D0-E240-9301-782D-5CFE842BDBD8}.Debug|Any CPU.ActiveCfg = Debug|Any CPU
		{14AED9D0-E240-9301-782D-5CFE842BDBD8}.Debug|Any CPU.Build.0 = Debug|Any CPU
		{14AED9D0-E240-9301-782D-5CFE842BDBD8}.Release|Any CPU.ActiveCfg = Release|Any CPU
		{14AED9D0-E240-9301-782D-5CFE842BDBD8}.Release|Any CPU.Build.0 = Release|Any CPU
	EndGlobalSection
	GlobalSection(SolutionProperties) = preSolution
		HideSolutionNode = FALSE
	EndGlobalSection
	GlobalSection(ExtensibilityGlobals) = postSolution
		SolutionGuid = {C78BED0A-6689-4287-B17B-BCFDCCE66924}
	EndGlobalSection
EndGlobal
